
Microsoft Visual Studio Solution File, Format Version 12.00
# Visual Studio Version 16
VisualStudioVersion = 16.0.29418.71
MinimumVisualStudioVersion = 10.0.40219.1
Project("{9A19103F-16F7-4668-BE54-9A1E7A4F7556}") = "ChangeMachine.Logic", "ChangeMachine.Logic\ChangeMachine.Logic.csproj", "{54BA7682-D522-4EA6-8B6D-93D99840ADB8}"
EndProject
Project("{9A19103F-16F7-4668-BE54-9A1E7A4F7556}") = "ChangeMachine.LogicUnitTest", "ChangeMachine.LogicUnitTest\ChangeMachine.LogicUnitTest.csproj", "{94832C5C-37C4-48B4-8CBC-87D9E3DC0C01}"
EndProject
Project("{FAE04EC0-301F-11D3-BF4B-00C04F79EFBC}") = "ChangeMachine.WpfApp", "ChangeMachine.WpfApp\ChangeMachine.WpfApp.csproj", "{292BA6EE-AAEA-420D-8032-A40405E97118}"
EndProject
Global
	GlobalSection(SolutionConfigurationPlatforms) = preSolution
		Debug|Any CPU = Debug|Any CPU
		Release|Any CPU = Release|Any CPU
	EndGlobalSection
	GlobalSection(ProjectConfigurationPlatforms) = postSolution
		{54BA7682-D522-4EA6-8B6D-93D99840ADB8}.Debug|Any CPU.ActiveCfg = Debug|Any CPU
		{54BA7682-D522-4EA6-8B6D-93D99840ADB8}.Debug|Any CPU.Build.0 = Debug|Any CPU
		{54BA7682-D522-4EA6-8B6D-93D99840ADB8}.Release|Any CPU.ActiveCfg = Release|Any CPU
		{54BA7682-D522-4EA6-8B6D-93D99840ADB8}.Release|Any CPU.Build.0 = Release|Any CPU
		{94832C5C-37C4-48B4-8CBC-87D9E3DC0C01}.Debug|Any CPU.ActiveCfg = Debug|Any CPU
		{94832C5C-37C4-48B4-8CBC-87D9E3DC0C01}.Debug|Any CPU.Build.0 = Debug|Any CPU
		{94832C5C-37C4-48B4-8CBC-87D9E3DC0C01}.Release|Any CPU.ActiveCfg = Release|Any CPU
		{94832C5C-37C4-48B4-8CBC-87D9E3DC0C01}.Release|Any CPU.Build.0 = Release|Any CPU
		{292BA6EE-AAEA-420D-8032-A40405E97118}.Debug|Any CPU.ActiveCfg = Debug|Any CPU
		{292BA6EE-AAEA-420D-8032-A40405E97118}.Debug|Any CPU.Build.0 = Debug|Any CPU
		{292BA6EE-AAEA-420D-8032-A40405E97118}.Release|Any CPU.ActiveCfg = Release|Any CPU
		{292BA6EE-AAEA-420D-8032-A40405E97118}.Release|Any CPU.Build.0 = Release|Any CPU
	EndGlobalSection
	GlobalSection(SolutionProperties) = preSolution
		HideSolutionNode = FALSE
	EndGlobalSection
	GlobalSection(ExtensibilityGlobals) = postSolution
		SolutionGuid = {990C4B1E-08A5-4A16-8984-9F94D0B89297}
	EndGlobalSection
EndGlobal
